
Microsoft Visual Studio Solution File, Format Version 12.00
# Visual Studio Version 16
VisualStudioVersion = 16.0.31605.320
MinimumVisualStudioVersion = 10.0.40219.1
Project("{FAE04EC0-301F-11D3-BF4B-00C04F79EFBC}") = "MatrixXAMLOnly", "MatrixXAMLOnly\MatrixXAMLOnly.csproj", "{463CADBE-6CAF-45F0-94D5-FED816937772}"
EndProject
Global
	GlobalSection(SolutionConfigurationPlatforms) = preSolution
		Debug|Any CPU = Debug|Any CPU
		Release|Any CPU = Release|Any CPU
	EndGlobalSection
	GlobalSection(ProjectConfigurationPlatforms) = postSolution
		{463CADBE-6CAF-45F0-94D5-FED816937772}.Debug|Any CPU.ActiveCfg = Debug|Any CPU
		{463CADBE-6CAF-45F0-94D5-FED816937772}.Debug|Any CPU.Build.0 = Debug|Any CPU
		{463CADBE-6CAF-45F0-94D5-FED816937772}.Release|Any CPU.ActiveCfg = Release|Any CPU
		{463CADBE-6CAF-45F0-94D5-FED816937772}.Release|Any CPU.Build.0 = Release|Any CPU
	EndGlobalSection
	GlobalSection(SolutionProperties) = preSolution
		HideSolutionNode = FALSE
	EndGlobalSection
	GlobalSection(ExtensibilityGlobals) = postSolution
		SolutionGuid = {03A0EB1B-5407-45B7-A864-476ABCC35D91}
	EndGlobalSection
EndGlobal
